
Microsoft Visual Studio Solution File, Format Version 12.00
# Visual Studio Version 16
VisualStudioVersion = 16.0.29020.237
MinimumVisualStudioVersion = 10.0.40219.1
Project("{FAE04EC0-301F-11D3-BF4B-00C04F79EFBC}") = "Platform.Reflection", "Platform.Reflection\Platform.Reflection.csproj", "{45200E72-08B3-4E14-9D6A-B2451C3488EB}"
EndProject
Project("{FAE04EC0-301F-11D3-BF4B-00C04F79EFBC}") = "Platform.Reflection.Tests", "Platform.Reflection.Tests\Platform.Reflection.Tests.csproj", "{4F4FCC12-45C4-4766-9152-EB675F749ABA}"
EndProject
Global
	GlobalSection(SolutionConfigurationPlatforms) = preSolution
		Debug|Any CPU = Debug|Any CPU
		Release|Any CPU = Release|Any CPU
	EndGlobalSection
	GlobalSection(ProjectConfigurationPlatforms) = postSolution
		{45200E72-08B3-4E14-9D6A-B2451C3488EB}.Debug|Any CPU.ActiveCfg = Debug|Any CPU
		{45200E72-08B3-4E14-9D6A-B2451C3488EB}.Debug|Any CPU.Build.0 = Debug|Any CPU
		{45200E72-08B3-4E14-9D6A-B2451C3488EB}.Release|Any CPU.ActiveCfg = Release|Any CPU
		{45200E72-08B3-4E14-9D6A-B2451C3488EB}.Release|Any CPU.Build.0 = Release|Any CPU
		{4F4FCC12-45C4-4766-9152-EB675F749ABA}.Debug|Any CPU.ActiveCfg = Debug|Any CPU
		{4F4FCC12-45C4-4766-9152-EB675F749ABA}.Debug|Any CPU.Build.0 = Debug|Any CPU
		{4F4FCC12-45C4-4766-9152-EB675F749ABA}.Release|Any CPU.ActiveCfg = Release|Any CPU
		{4F4FCC12-45C4-4766-9152-EB675F749ABA}.Release|Any CPU.Build.0 = Release|Any CPU
	EndGlobalSection
	GlobalSection(SolutionProperties) = preSolution
		HideSolutionNode = FALSE
	EndGlobalSection
	GlobalSection(ExtensibilityGlobals) = postSolution
		SolutionGuid = {E1ECF0CA-87F9-4059-8A25-DB242F3002B7}
	EndGlobalSection
EndGlobal
